
Microsoft Visual Studio Solution File, Format Version 12.00
# Visual Studio Version 17
VisualStudioVersion = 17.3.32922.545
MinimumVisualStudioVersion = 10.0.40219.1
Project("{FAE04EC0-301F-11D3-BF4B-00C04F79EFBC}") = "2022AOC02", "2022AOC02\2022AOC02.csproj", "{20392849-6F34-4BA4-BAA9-E3CE9E39FB8F}"
EndProject
Global
	GlobalSection(SolutionConfigurationPlatforms) = preSolution
		Debug|Any CPU = Debug|Any CPU
		Release|Any CPU = Release|Any CPU
	EndGlobalSection
	GlobalSection(ProjectConfigurationPlatforms) = postSolution
		{20392849-6F34-4BA4-BAA9-E3CE9E39FB8F}.Debug|Any CPU.ActiveCfg = Debug|Any CPU
		{20392849-6F34-4BA4-BAA9-E3CE9E39FB8F}.Debug|Any CPU.Build.0 = Debug|Any CPU
		{20392849-6F34-4BA4-BAA9-E3CE9E39FB8F}.Release|Any CPU.ActiveCfg = Release|Any CPU
		{20392849-6F34-4BA4-BAA9-E3CE9E39FB8F}.Release|Any CPU.Build.0 = Release|Any CPU
	EndGlobalSection
	GlobalSection(SolutionProperties) = preSolution
		HideSolutionNode = FALSE
	EndGlobalSection
	GlobalSection(ExtensibilityGlobals) = postSolution
		SolutionGuid = {1F22207E-A795-4B02-8E9B-C52D16E16945}
	EndGlobalSection
EndGlobal
