
Microsoft Visual Studio Solution File, Format Version 12.00
# Visual Studio Version 17
VisualStudioVersion = 17.4.33205.214
MinimumVisualStudioVersion = 10.0.40219.1
Project("{FAE04EC0-301F-11D3-BF4B-00C04F79EFBC}") = "2022AOC08", "2022AOC08\2022AOC08.csproj", "{8DB398B1-122B-45B0-8820-291EF56E933C}"
EndProject
Global
	GlobalSection(SolutionConfigurationPlatforms) = preSolution
		Debug|Any CPU = Debug|Any CPU
		Release|Any CPU = Release|Any CPU
	EndGlobalSection
	GlobalSection(ProjectConfigurationPlatforms) = postSolution
		{8DB398B1-122B-45B0-8820-291EF56E933C}.Debug|Any CPU.ActiveCfg = Debug|Any CPU
		{8DB398B1-122B-45B0-8820-291EF56E933C}.Debug|Any CPU.Build.0 = Debug|Any CPU
		{8DB398B1-122B-45B0-8820-291EF56E933C}.Release|Any CPU.ActiveCfg = Release|Any CPU
		{8DB398B1-122B-45B0-8820-291EF56E933C}.Release|Any CPU.Build.0 = Release|Any CPU
	EndGlobalSection
	GlobalSection(SolutionProperties) = preSolution
		HideSolutionNode = FALSE
	EndGlobalSection
	GlobalSection(ExtensibilityGlobals) = postSolution
		SolutionGuid = {8E1A8E1D-ACFA-4B80-A15B-FD12E70EC2A8}
	EndGlobalSection
EndGlobal
