
Microsoft Visual Studio Solution File, Format Version 12.00
# Visual Studio Version 17
VisualStudioVersion = 17.4.33205.214
MinimumVisualStudioVersion = 10.0.40219.1
Project("{FAE04EC0-301F-11D3-BF4B-00C04F79EFBC}") = "2022AOC05", "2022AOC05\2022AOC05.csproj", "{CB2C40D2-4259-41D3-99CA-9DDFF33D798B}"
EndProject
Global
	GlobalSection(SolutionConfigurationPlatforms) = preSolution
		Debug|Any CPU = Debug|Any CPU
		Release|Any CPU = Release|Any CPU
	EndGlobalSection
	GlobalSection(ProjectConfigurationPlatforms) = postSolution
		{CB2C40D2-4259-41D3-99CA-9DDFF33D798B}.Debug|Any CPU.ActiveCfg = Debug|Any CPU
		{CB2C40D2-4259-41D3-99CA-9DDFF33D798B}.Debug|Any CPU.Build.0 = Debug|Any CPU
		{CB2C40D2-4259-41D3-99CA-9DDFF33D798B}.Release|Any CPU.ActiveCfg = Release|Any CPU
		{CB2C40D2-4259-41D3-99CA-9DDFF33D798B}.Release|Any CPU.Build.0 = Release|Any CPU
	EndGlobalSection
	GlobalSection(SolutionProperties) = preSolution
		HideSolutionNode = FALSE
	EndGlobalSection
	GlobalSection(ExtensibilityGlobals) = postSolution
		SolutionGuid = {7DCB88DC-06F9-438E-A62D-FB230273C70B}
	EndGlobalSection
EndGlobal
