
Microsoft Visual Studio Solution File, Format Version 12.00
# Visual Studio Version 17
VisualStudioVersion = 17.4.33205.214
MinimumVisualStudioVersion = 10.0.40219.1
Project("{FAE04EC0-301F-11D3-BF4B-00C04F79EFBC}") = "2022AOC03", "2022AOC03\2022AOC03.csproj", "{DAC1889E-109F-48EE-B5E9-2944973C3A9A}"
EndProject
Global
	GlobalSection(SolutionConfigurationPlatforms) = preSolution
		Debug|Any CPU = Debug|Any CPU
		Release|Any CPU = Release|Any CPU
	EndGlobalSection
	GlobalSection(ProjectConfigurationPlatforms) = postSolution
		{DAC1889E-109F-48EE-B5E9-2944973C3A9A}.Debug|Any CPU.ActiveCfg = Debug|Any CPU
		{DAC1889E-109F-48EE-B5E9-2944973C3A9A}.Debug|Any CPU.Build.0 = Debug|Any CPU
		{DAC1889E-109F-48EE-B5E9-2944973C3A9A}.Release|Any CPU.ActiveCfg = Release|Any CPU
		{DAC1889E-109F-48EE-B5E9-2944973C3A9A}.Release|Any CPU.Build.0 = Release|Any CPU
	EndGlobalSection
	GlobalSection(SolutionProperties) = preSolution
		HideSolutionNode = FALSE
	EndGlobalSection
	GlobalSection(ExtensibilityGlobals) = postSolution
		SolutionGuid = {710293D5-B218-4511-90C9-F2D51AA0B445}
	EndGlobalSection
EndGlobal
